
Microsoft Visual Studio Solution File, Format Version 12.00
# Visual Studio 15
VisualStudioVersion = 15.0.27130.2036
MinimumVisualStudioVersion = 10.0.40219.1
Project("{888888A0-9F3D-457C-B088-3A5042F75D52}") = "NSFWClassificator", "NSFWClassificator\NSFWClassificator.pyproj", "{EC8903E1-10C2-4813-84C2-260A95A9140A}"
EndProject
Global
	GlobalSection(SolutionConfigurationPlatforms) = preSolution
		Debug|Any CPU = Debug|Any CPU
		Release|Any CPU = Release|Any CPU
	EndGlobalSection
	GlobalSection(ProjectConfigurationPlatforms) = postSolution
		{EC8903E1-10C2-4813-84C2-260A95A9140A}.Debug|Any CPU.ActiveCfg = Debug|Any CPU
		{EC8903E1-10C2-4813-84C2-260A95A9140A}.Release|Any CPU.ActiveCfg = Release|Any CPU
	EndGlobalSection
	GlobalSection(SolutionProperties) = preSolution
		HideSolutionNode = FALSE
	EndGlobalSection
	GlobalSection(ExtensibilityGlobals) = postSolution
		SolutionGuid = {B9F8E7A5-0EE2-4D6F-BAE0-2F5F60E18D61}
	EndGlobalSection
EndGlobal
